
Microsoft Visual Studio Solution File, Format Version 12.00
# Visual Studio Version 17
VisualStudioVersion = 17.12.35707.178 d17.12
MinimumVisualStudioVersion = 10.0.40219.1
Project("{FAE04EC0-301F-11D3-BF4B-00C04F79EFBC}") = "frmTrackThread", "frmTrackThread\frmTrackThread.csproj", "{CBE8D0C7-2A74-43E8-854B-9CE3CE315385}"
EndProject
Global
	GlobalSection(SolutionConfigurationPlatforms) = preSolution
		Debug|Any CPU = Debug|Any CPU
		Release|Any CPU = Release|Any CPU
	EndGlobalSection
	GlobalSection(ProjectConfigurationPlatforms) = postSolution
		{CBE8D0C7-2A74-43E8-854B-9CE3CE315385}.Debug|Any CPU.ActiveCfg = Debug|Any CPU
		{CBE8D0C7-2A74-43E8-854B-9CE3CE315385}.Debug|Any CPU.Build.0 = Debug|Any CPU
		{CBE8D0C7-2A74-43E8-854B-9CE3CE315385}.Release|Any CPU.ActiveCfg = Release|Any CPU
		{CBE8D0C7-2A74-43E8-854B-9CE3CE315385}.Release|Any CPU.Build.0 = Release|Any CPU
	EndGlobalSection
	GlobalSection(SolutionProperties) = preSolution
		HideSolutionNode = FALSE
	EndGlobalSection
EndGlobal
